github.com/lpabon/godbc v0.1.1 h1:ilqjArN1UOENJJdM34I2YHKmF/B0gGq4VLoSGy9iAao=
github.com/lpabon/godbc v0.1.1/go.mod h1:Jo9QV0cf3U6jZABgiJ2skINAXb9j8m51r07g4KI92ZA=
github.com/matishsiao/goInfo v0.0.0-20200404012835-b5f882ee2288 h1:cdM7et8/VlNnSBpq3KbyQWsYLCY0WsB7tvV8Fr0DUNE=
github.com/matishsiao/goInfo v0.0.0-20200404012835-b5f882ee2288/go.mod h1:yLZrFIhv+Z20hxHvcZpEyKVQp9HMsOJkXAxx7yDqtvg=
